
Microsoft Visual Studio Solution File, Format Version 12.00
# Visual Studio Version 17
VisualStudioVersion = 17.5.33516.290
MinimumVisualStudioVersion = 10.0.40219.1
Project("{FAE04EC0-301F-11D3-BF4B-00C04F79EFBC}") = "GrubHubClone.Restaurant", "GrubHubClone.Restaurant\GrubHubClone.Restaurant.csproj", "{34014AE1-7882-4272-83B3-FBBA00638D51}"
EndProject
Global
	GlobalSection(SolutionConfigurationPlatforms) = preSolution
		Debug|Any CPU = Debug|Any CPU
		Release|Any CPU = Release|Any CPU
	EndGlobalSection
	GlobalSection(ProjectConfigurationPlatforms) = postSolution
		{34014AE1-7882-4272-83B3-FBBA00638D51}.Debug|Any CPU.ActiveCfg = Debug|Any CPU
		{34014AE1-7882-4272-83B3-FBBA00638D51}.Debug|Any CPU.Build.0 = Debug|Any CPU
		{34014AE1-7882-4272-83B3-FBBA00638D51}.Release|Any CPU.ActiveCfg = Release|Any CPU
		{34014AE1-7882-4272-83B3-FBBA00638D51}.Release|Any CPU.Build.0 = Release|Any CPU
	EndGlobalSection
	GlobalSection(SolutionProperties) = preSolution
		HideSolutionNode = FALSE
	EndGlobalSection
	GlobalSection(ExtensibilityGlobals) = postSolution
		SolutionGuid = {54B43E0B-A3B7-4E5E-919E-39D0535DEE67}
	EndGlobalSection
EndGlobal
